
Microsoft Visual Studio Solution File, Format Version 12.00
# Visual Studio Version 16
VisualStudioVersion = 16.0.31205.134
MinimumVisualStudioVersion = 10.0.40219.1
Project("{FAE04EC0-301F-11D3-BF4B-00C04F79EFBC}") = "IDF-QR-Generator", "IDF-QR-Generator\IDF-QR-Generator.csproj", "{B05CF233-E095-4557-AF76-1B9CF2A0DFAB}"
EndProject
Global
	GlobalSection(SolutionConfigurationPlatforms) = preSolution
		Debug|Any CPU = Debug|Any CPU
		Release|Any CPU = Release|Any CPU
	EndGlobalSection
	GlobalSection(ProjectConfigurationPlatforms) = postSolution
		{B05CF233-E095-4557-AF76-1B9CF2A0DFAB}.Debug|Any CPU.ActiveCfg = Debug|Any CPU
		{B05CF233-E095-4557-AF76-1B9CF2A0DFAB}.Debug|Any CPU.Build.0 = Debug|Any CPU
		{B05CF233-E095-4557-AF76-1B9CF2A0DFAB}.Release|Any CPU.ActiveCfg = Release|Any CPU
		{B05CF233-E095-4557-AF76-1B9CF2A0DFAB}.Release|Any CPU.Build.0 = Release|Any CPU
	EndGlobalSection
	GlobalSection(SolutionProperties) = preSolution
		HideSolutionNode = FALSE
	EndGlobalSection
	GlobalSection(ExtensibilityGlobals) = postSolution
		SolutionGuid = {362447AB-0F26-4461-AD7C-F265180F6A47}
	EndGlobalSection
EndGlobal
